// !$*UTF8*$!
{
	archiveVersion = 1;
	classes = {
	};
	objectVersion = 50;
	objects = {

/* Begin PBXBuildFile section */
		BB2C6A54210D02620026DE3C /* AppDelegate.swift in Sources */ = {isa = PBXBuildFile; fileRef = BB2C6A53210D02620026DE3C /* AppDelegate.swift */; };
		BB2C6A56210D02620026DE3C /* art.scnassets in Resources */ = {isa = PBXBuildFile; fileRef = BB2C6A55210D02620026DE3C /* art.scnassets */; };
		BB2C6A58210D02620026DE3C /* ViewController.swift in Sources */ = {isa = PBXBuildFile; fileRef = BB2C6A57210D02620026DE3C /* ViewController.swift */; };
		BB2C6A5B210D02620026DE3C /* Main.storyboard in Resources */ = {isa = PBXBuildFile; fileRef = BB2C6A59210D02620026DE3C /* Main.storyboard */; };
		BB2C6A5D210D02640026DE3C /* Assets.xcassets in Resources */ = {isa = PBXBuildFile; fileRef = BB2C6A5C210D02640026DE3C /* Assets.xcassets */; };
		BB2C6A60210D02640026DE3C /* LaunchScreen.storyboard in Resources */ = {isa = PBXBuildFile; fileRef = BB2C6A5E210D02640026DE3C /* LaunchScreen.storyboard */; };
		BB2C6A6B210D02B10026DE3C /* ARResources.storyboard in Resources */ = {isa = PBXBuildFile; fileRef = BB2C6A69210D02B10026DE3C /* ARResources.storyboard */; };
/* End PBXBuildFile section */

/* Begin PBXFileReference section */
		BB2C6A50210D02620026DE3C /* leARn.app */ = {isa = PBXFileReference; explicitFileType = wrapper.application; includeInIndex = 0; path = leARn.app; sourceTree = BUILT_PRODUCTS_DIR; };
		BB2C6A53210D02620026DE3C /* AppDelegate.swift */ = {isa = PBXFileReference; lastKnownFileType = sourcecode.swift; path = AppDelegate.swift; sourceTree = "<group>"; };
		BB2C6A55210D02620026DE3C /* art.scnassets */ = {isa = PBXFileReference; lastKnownFileType = wrapper.scnassets; path = art.scnassets; sourceTree = "<group>"; };
		BB2C6A57210D02620026DE3C /* ViewController.swift */ = {isa = PBXFileReference; lastKnownFileType = sourcecode.swift; path = ViewController.swift; sourceTree = "<group>"; };
		BB2C6A5A210D02620026DE3C /* Base */ = {isa = PBXFileReference; lastKnownFileType = file.storyboard; name = Base; path = Base.lproj/Main.storyboard; sourceTree = "<group>"; };
		BB2C6A5C210D02640026DE3C /* Assets.xcassets */ = {isa = PBXFileReference; lastKnownFileType = folder.assetcatalog; path = Assets.xcassets; sourceTree = "<group>"; };
		BB2C6A5F210D02640026DE3C /* Base */ = {isa = PBXFileReference; lastKnownFileType = file.storyboard; name = Base; path = Base.lproj/LaunchScreen.storyboard; sourceTree = "<group>"; };
		BB2C6A61210D02640026DE3C /* Info.plist */ = {isa = PBXFileReference; lastKnownFileType = text.plist.xml; path = Info.plist; sourceTree = "<group>"; };
		BB2C6A6A210D02B10026DE3C /* Base */ = {isa = PBXFileReference; lastKnownFileType = file.storyboard; name = Base; path = Base.lproj/ARResources.storyboard; sourceTree = "<group>"; };
/* End PBXFileReference section */

/* Begin PBXFrameworksBuildPhase section */
		BB2C6A4D210D02620026DE3C /* Frameworks */ = {
			isa = PBXFrameworksBuildPhase;
			buildActionMask = 2147483647;
			files = (
			);
			runOnlyForDeploymentPostprocessing = 0;
		};
/* End PBXFrameworksBuildPhase section */

/* Begin PBXGroup section */
		BB2C6A47210D02620026DE3C = {
			isa = PBXGroup;
			children = (
				BB2C6A52210D02620026DE3C /* leARn */,
				BB2C6A51210D02620026DE3C /* Products */,
			);
			sourceTree = "<group>";
		};
		BB2C6A51210D02620026DE3C /* Products */ = {
			isa = PBXGroup;
			children = (
				BB2C6A50210D02620026DE3C /* leARn.app */,
			);
			name = Products;
			sourceTree = "<group>";
		};
		BB2C6A52210D02620026DE3C /* leARn */ = {
			isa = PBXGroup;
			children = (
				BB2C6A53210D02620026DE3C /* AppDelegate.swift */,
				BB2C6A55210D02620026DE3C /* art.scnassets */,
				BB2C6A57210D02620026DE3C /* ViewController.swift */,
				BB2C6A59210D02620026DE3C /* Main.storyboard */,
				BB2C6A69210D02B10026DE3C /* ARResources.storyboard */,
				BB2C6A5C210D02640026DE3C /* Assets.xcassets */,
				BB2C6A5E210D02640026DE3C /* LaunchScreen.storyboard */,
				BB2C6A61210D02640026DE3C /* Info.plist */,
			);
			path = leARn;
			sourceTree = "<group>";
		};
/* End PBXGroup section */

/* Begin PBXNativeTarget section */
		BB2C6A4F210D02620026DE3C /* leARn */ = {
			isa = PBXNativeTarget;
			buildConfigurationList = BB2C6A64210D02640026DE3C /* Build configuration list for PBXNativeTarget "leARn" */;
			buildPhases = (
				BB2C6A4C210D02620026DE3C /* Sources */,
				BB2C6A4D210D02620026DE3C /* Frameworks */,
				BB2C6A4E210D02620026DE3C /* Resources */,
			);
			buildRules = (
			);
			dependencies = (
			);
			name = leARn;
			productName = leARn;
			productReference = BB2C6A50210D02620026DE3C /* leARn.app */;
			productType = "com.apple.product-type.application";
		};
/* End PBXNativeTarget section */

/* Begin PBXProject section */
		BB2C6A48210D02620026DE3C /* Project object */ = {
			isa = PBXProject;
			attributes = {
				LastSwiftUpdateCheck = 1000;
				LastUpgradeCheck = 1000;
				ORGANIZATIONNAME = "Avery Lamp";
				TargetAttributes = {
					BB2C6A4F210D02620026DE3C = {
						CreatedOnToolsVersion = 10.0;
					};
				};
			};
			buildConfigurationList = BB2C6A4B210D02620026DE3C /* Build configuration list for PBXProject "leARn" */;
			compatibilityVersion = "Xcode 9.3";
			developmentRegion = en;
			hasScannedForEncodings = 0;
			knownRegions = (
				en,
				Base,
			);
			mainGroup = BB2C6A47210D02620026DE3C;
			productRefGroup = BB2C6A51210D02620026DE3C /* Products */;
			projectDirPath = "";
			projectRoot = "";
			targets = (
				BB2C6A4F210D02620026DE3C /* leARn */,
			);
		};
/* End PBXProject section */

/* Begin PBXResourcesBuildPhase section */
		BB2C6A4E210D02620026DE3C /* Resources */ = {
			isa = PBXResourcesBuildPhase;
			buildActionMask = 2147483647;
			files = (
				BB2C6A56210D02620026DE3C /* art.scnassets in Resources */,
				BB2C6A6B210D02B10026DE3C /* ARResources.storyboard in Resources */,
				BB2C6A60210D02640026DE3C /* LaunchScreen.storyboard in Resources */,
				BB2C6A5D210D02640026DE3C /* Assets.xcassets in Resources */,
				BB2C6A5B210D02620026DE3C /* Main.storyboard in Resources */,
			);
			runOnlyForDeploymentPostprocessing = 0;
		};
/* End PBXResourcesBuildPhase section */

/* Begin PBXSourcesBuildPhase section */
		BB2C6A4C210D02620026DE3C /* Sources */ = {
			isa = PBXSourcesBuildPhase;
			buildActionMask = 2147483647;
			files = (
				BB2C6A58210D02620026DE3C /* ViewController.swift in Sources */,
				BB2C6A54210D02620026DE3C /* AppDelegate.swift in Sources */,
			);
			runOnlyForDeploymentPostprocessing = 0;
		};
/* End PBXSourcesBuildPhase section */

/* Begin PBXVariantGroup section */
		BB2C6A59210D02620026DE3C /* Main.storyboard */ = {
			isa = PBXVariantGroup;
			children = (
				BB2C6A5A210D02620026DE3C /* Base */,
			);
			name = Main.storyboard;
			sourceTree = "<group>";
		};
		BB2C6A5E210D02640026DE3C /* LaunchScreen.storyboard */ = {
			isa = PBXVariantGroup;
			children = (
				BB2C6A5F210D02640026DE3C /* Base */,
			);
			name = LaunchScreen.storyboard;
			sourceTree = "<group>";
		};
		BB2C6A69210D02B10026DE3C /* ARResources.storyboard */ = {
			isa = PBXVariantGroup;
			children = (
				BB2C6A6A210D02B10026DE3C /* Base */,
			);
			name = ARResources.storyboard;
			sourceTree = "<group>";
		};
/* End PBXVariantGroup section */

/* Begin XCBuildConfiguration section */
		BB2C6A62210D02640026DE3C /* Debug */ = {
			isa = XCBuildConfiguration;
			buildSettings = {
				ALWAYS_SEARCH_USER_PATHS = NO;
				CLANG_ANALYZER_NONNULL = YES;
				CLANG_ANALYZER_NUMBER_OBJECT_CONVERSION = YES_AGGRESSIVE;
				CLANG_CXX_LANGUAGE_STANDARD = "gnu++14";
				CLANG_CXX_LIBRARY = "libc++";
				CLANG_ENABLE_MODULES = YES;
				CLANG_ENABLE_OBJC_ARC = YES;
				CLANG_ENABLE_OBJC_WEAK = YES;
				CLANG_WARN_BLOCK_CAPTURE_AUTORELEASING = YES;
				CLANG_WARN_BOOL_CONVERSION = YES;
				CLANG_WARN_COMMA = YES;
				CLANG_WARN_CONSTANT_CONVERSION = YES;
				CLANG_WARN_DEPRECATED_OBJC_IMPLEMENTATIONS = YES;
				CLANG_WARN_DIRECT_OBJC_ISA_USAGE = YES_ERROR;
				CLANG_WARN_DOCUMENTATION_COMMENTS = YES;
				CLANG_WARN_EMPTY_BODY = YES;
				CLANG_WARN_ENUM_CONVERSION = YES;
				CLANG_WARN_INFINITE_RECURSION = YES;
				CLANG_WARN_INT_CONVERSION = YES;
				CLANG_WARN_NON_LITERAL_NULL_CONVERSION = YES;
				CLANG_WARN_OBJC_IMPLICIT_RETAIN_SELF = YES;
				CLANG_WARN_OBJC_LITERAL_CONVERSION = YES;
				CLANG_WARN_OBJC_ROOT_CLASS = YES_ERROR;
				CLANG_WARN_RANGE_LOOP_ANALYSIS = YES;
				CLANG_WARN_STRICT_PROTOTYPES = YES;
				CLANG_WARN_SUSPICIOUS_MOVE = YES;
				CLANG_WARN_UNGUARDED_AVAILABILITY = YES_AGGRESSIVE;
				CLANG_WARN_UNREACHABLE_CODE = YES;
				CLANG_WARN__DUPLICATE_METHOD_MATCH = YES;
				CODE_SIGN_IDENTITY = "iPhone Developer";
				COPY_PHASE_STRIP = NO;
				DEBUG_INFORMATION_FORMAT = dwarf;
				ENABLE_STRICT_OBJC_MSGSEND = YES;
				ENABLE_TESTABILITY = YES;
				GCC_C_LANGUAGE_STANDARD = gnu11;
				GCC_DYNAMIC_NO_PIC = NO;
				GCC_NO_COMMON_BLOCKS = YES;
				GCC_OPTIMIZATION_LEVEL = 0;
				GCC_PREPROCESSOR_DEFINITIONS = (
					"DEBUG=1",
					"$(inherited)",
				);
				GCC_WARN_64_TO_32_BIT_CONVERSION = YES;
				GCC_WARN_ABOUT_RETURN_TYPE = YES_ERROR;
				GCC_WARN_UNDECLARED_SELECTOR = YES;
				GCC_WARN_UNINITIALIZED_AUTOS = YES_AGGRESSIVE;
				GCC_WARN_UNUSED_FUNCTION = YES;
				GCC_WARN_UNUSED_VARIABLE = YES;
				IPHONEOS_DEPLOYMENT_TARGET = 12.0;
				MTL_ENABLE_DEBUG_INFO = INCLUDE_SOURCE;
				ONLY_ACTIVE_ARCH = YES;
				SDKROOT = iphoneos;
				SWIFT_ACTIVE_COMPILATION_CONDITIONS = DEBUG;
				SWIFT_OPTIMIZATION_LEVEL = "-Onone";
			};
			name = Debug;
		};
		BB2C6A63210D02640026DE3C /* Release */ = {
			isa = XCBuildConfiguration;
			buildSettings = {
				ALWAYS_SEARCH_USER_PATHS = NO;
				CLANG_ANALYZER_NONNULL = YES;
				CLANG_ANALYZER_NUMBER_OBJECT_CONVERSION = YES_AGGRESSIVE;
				CLANG_CXX_LANGUAGE_STANDARD = "gnu++14";
				CLANG_CXX_LIBRARY = "libc++";
				CLANG_ENABLE_MODULES = YES;
				CLANG_ENABLE_OBJC_ARC = YES;
				CLANG_ENABLE_OBJC_WEAK = YES;
				CLANG_WARN_BLOCK_CAPTURE_AUTORELEASING = YES;
				CLANG_WARN_BOOL_CONVERSION = YES;
				CLANG_WARN_COMMA = YES;
				CLANG_WARN_CONSTANT_CONVERSION = YES;
				CLANG_WARN_DEPRECATED_OBJC_IMPLEMENTATIONS = YES;
				CLANG_WARN_DIRECT_OBJC_ISA_USAGE = YES_ERROR;
				CLANG_WARN_DOCUMENTATION_COMMENTS = YES;
				CLANG_WARN_EMPTY_BODY = YES;
				CLANG_WARN_ENUM_CONVERSION = YES;
				CLANG_WARN_INFINITE_RECURSION = YES;
				CLANG_WARN_INT_CONVERSION = YES;
				CLANG_WARN_NON_LITERAL_NULL_CONVERSION = YES;
				CLANG_WARN_OBJC_IMPLICIT_RETAIN_SELF = YES;
				CLANG_WARN_OBJC_LITERAL_CONVERSION = YES;
				CLANG_WARN_OBJC_ROOT_CLASS = YES_ERROR;
				CLANG_WARN_RANGE_LOOP_ANALYSIS = YES;
				CLANG_WARN_STRICT_PROTOTYPES = YES;
				CLANG_WARN_SUSPICIOUS_MOVE = YES;
				CLANG_WARN_UNGUARDED_AVAILABILITY = YES_AGGRESSIVE;
				CLANG_WARN_UNREACHABLE_CODE = YES;
				CLANG_WARN__DUPLICATE_METHOD_MATCH = YES;
				CODE_SIGN_IDENTITY = "iPhone Developer";
				COPY_PHASE_STRIP = NO;
				DEBUG_INFORMATION_FORMAT = "dwarf-with-dsym";
				ENABLE_NS_ASSERTIONS = NO;
				ENABLE_STRICT_OBJC_MSGSEND = YES;
				GCC_C_LANGUAGE_STANDARD = gnu11;
				GCC_NO_COMMON_BLOCKS = YES;
				GCC_WARN_64_TO_32_BIT_CONVERSION = YES;
				GCC_WARN_ABOUT_RETURN_TYPE = YES_ERROR;
				GCC_WARN_UNDECLARED_SELECTOR = YES;
				GCC_WARN_UNINITIALIZED_AUTOS = YES_AGGRESSIVE;
				GCC_WARN_UNUSED_FUNCTION = YES;
				GCC_WARN_UNUSED_VARIABLE = YES;
				IPHONEOS_DEPLOYMENT_TARGET = 12.0;
				MTL_ENABLE_DEBUG_INFO = NO;
				SDKROOT = iphoneos;
				SWIFT_COMPILATION_MODE = wholemodule;
				SWIFT_OPTIMIZATION_LEVEL = "-O";
				VALIDATE_PRODUCT = YES;
			};
			name = Release;
		};
		BB2C6A65210D02640026DE3C /* Debug */ = {
			isa = XCBuildConfiguration;
			buildSettings = {
				ASSETCATALOG_COMPILER_APPICON_NAME = AppIcon;
				CODE_SIGN_STYLE = Automatic;
				DEVELOPMENT_TEAM = R4DQ2L3FBV;
				INFOPLIST_FILE = leARn/Info.plist;
				LD_RUNPATH_SEARCH_PATHS = (
					"$(inherited)",
					"@executable_path/Frameworks",
				);
				PRODUCT_BUNDLE_IDENTIFIER = com.averylamp.leARn;
				PRODUCT_NAME = "$(TARGET_NAME)";
				SWIFT_VERSION = 4.2;
				TARGETED_DEVICE_FAMILY = "1,2";
			};
			name = Debug;
		};
		BB2C6A66210D02640026DE3C /* Release */ = {
			isa = XCBuildConfiguration;
			buildSettings = {
				ASSETCATALOG_COMPILER_APPICON_NAME = AppIcon;
				CODE_SIGN_STYLE = Automatic;
				DEVELOPMENT_TEAM = R4DQ2L3FBV;
				INFOPLIST_FILE = leARn/Info.plist;
				LD_RUNPATH_SEARCH_PATHS = (
					"$(inherited)",
					"@executable_path/Frameworks",
				);
				PRODUCT_BUNDLE_IDENTIFIER = com.averylamp.leARn;
				PRODUCT_NAME = "$(TARGET_NAME)";
				SWIFT_VERSION = 4.2;
				TARGETED_DEVICE_FAMILY = "1,2";
			};
			name = Release;
		};
/* End XCBuildConfiguration section */

/* Begin XCConfigurationList section */
		BB2C6A4B210D02620026DE3C /* Build configuration list for PBXProject "leARn" */ = {
			isa = XCConfigurationList;
			buildConfigurations = (
				BB2C6A62210D02640026DE3C /* Debug */,
				BB2C6A63210D02640026DE3C /* Release */,
			);
			defaultConfigurationIsVisible = 0;
			defaultConfigurationName = Release;
		};
		BB2C6A64210D02640026DE3C /* Build configuration list for PBXNativeTarget "leARn" */ = {
			isa = XCConfigurationList;
			buildConfigurations = (
				BB2C6A65210D02640026DE3C /* Debug */,
				BB2C6A66210D02640026DE3C /* Release */,
			);
			defaultConfigurationIsVisible = 0;
			defaultConfigurationName = Release;
		};
/* End XCConfigurationList section */
	};
	rootObject = BB2C6A48210D02620026DE3C /* Project object */;
}
