// !$*UTF8*$!
{
	archiveVersion = 1;
	classes = {
	};
	objectVersion = 50;
	objects = {

/* Begin PBXBuildFile section */
		92362AA8210D26E300A298A0 /* AgoraSigKit.framework in Frameworks */ = {isa = PBXBuildFile; fileRef = 92362AA7210D26E300A298A0 /* AgoraSigKit.framework */; };
		92362AAA210D270900A298A0 /* libc++.tbd in Frameworks */ = {isa = PBXBuildFile; fileRef = 92362AA9210D270900A298A0 /* libc++.tbd */; };
		92362AAC210D281600A298A0 /* Chat.storyboard in Resources */ = {isa = PBXBuildFile; fileRef = 92362AAB210D281600A298A0 /* Chat.storyboard */; };
		92362AB2210D390E00A298A0 /* ChatViewController.swift in Sources */ = {isa = PBXBuildFile; fileRef = 92362AB1210D390E00A298A0 /* ChatViewController.swift */; };
		92362AB4210D3BC300A298A0 /* Message.swift in Sources */ = {isa = PBXBuildFile; fileRef = 92362AB3210D3BC300A298A0 /* Message.swift */; };
		92362AB9210D3E0C00A298A0 /* Key.swift in Sources */ = {isa = PBXBuildFile; fileRef = 92362AB8210D3E0C00A298A0 /* Key.swift */; };
		92362ABB210D402000A298A0 /* AgoraSignalKit.swift in Sources */ = {isa = PBXBuildFile; fileRef = 92362ABA210D402000A298A0 /* AgoraSignalKit.swift */; };
		92362ABD210D450800A298A0 /* CommonExtensions.swift in Sources */ = {isa = PBXBuildFile; fileRef = 92362ABC210D450700A298A0 /* CommonExtensions.swift */; };
		92362ACE210D5AC600A298A0 /* ChatMessageTableViewCell.swift in Sources */ = {isa = PBXBuildFile; fileRef = 92362ACD210D5AC600A298A0 /* ChatMessageTableViewCell.swift */; };
		9295239F210DB7640077E251 /* WikipediaKit.swift in Sources */ = {isa = PBXBuildFile; fileRef = 9295239E210DB7640077E251 /* WikipediaKit.swift */; };
		929523A1210DB9EB0077E251 /* Article.swift in Sources */ = {isa = PBXBuildFile; fileRef = 929523A0210DB9EB0077E251 /* Article.swift */; };
		929523A4210DE1AC0077E251 /* ContentViewController.swift in Sources */ = {isa = PBXBuildFile; fileRef = 929523A3210DE1AC0077E251 /* ContentViewController.swift */; };
		BB03BEBD210D291700971E79 /* Book.swift in Sources */ = {isa = PBXBuildFile; fileRef = BB03BEBC210D291700971E79 /* Book.swift */; };
		BB03BEBF210D2A2B00971E79 /* BookListViewController.swift in Sources */ = {isa = PBXBuildFile; fileRef = BB03BEBE210D2A2B00971E79 /* BookListViewController.swift */; };
		BB03BEC1210D2A3B00971E79 /* SplashPageViewController.swift in Sources */ = {isa = PBXBuildFile; fileRef = BB03BEC0210D2A3B00971E79 /* SplashPageViewController.swift */; };
		BB03BEC3210D2B0800971E79 /* MainNavigationViewController.swift in Sources */ = {isa = PBXBuildFile; fileRef = BB03BEC2210D2B0800971E79 /* MainNavigationViewController.swift */; };
		BB03BEC6210D2B8E00971E79 /* Image.swift in Sources */ = {isa = PBXBuildFile; fileRef = BB03BEC5210D2B8E00971E79 /* Image.swift */; };
		BB03BEC8210D2BBB00971E79 /* Constants.swift in Sources */ = {isa = PBXBuildFile; fileRef = BB03BEC7210D2BBB00971E79 /* Constants.swift */; };
		BB0DAB15210D1FB1007CE84B /* BookTableViewCell.swift in Sources */ = {isa = PBXBuildFile; fileRef = BB0DAB14210D1FB1007CE84B /* BookTableViewCell.swift */; };
		BB2C6A54210D02620026DE3C /* AppDelegate.swift in Sources */ = {isa = PBXBuildFile; fileRef = BB2C6A53210D02620026DE3C /* AppDelegate.swift */; };
		BB2C6A56210D02620026DE3C /* art.scnassets in Resources */ = {isa = PBXBuildFile; fileRef = BB2C6A55210D02620026DE3C /* art.scnassets */; };
		BB2C6A58210D02620026DE3C /* ARViewController.swift in Sources */ = {isa = PBXBuildFile; fileRef = BB2C6A57210D02620026DE3C /* ARViewController.swift */; };
		BB2C6A5B210D02620026DE3C /* Main.storyboard in Resources */ = {isa = PBXBuildFile; fileRef = BB2C6A59210D02620026DE3C /* Main.storyboard */; };
		BB2C6A5D210D02640026DE3C /* Assets.xcassets in Resources */ = {isa = PBXBuildFile; fileRef = BB2C6A5C210D02640026DE3C /* Assets.xcassets */; };
		BB2C6A6B210D02B10026DE3C /* ARResources.storyboard in Resources */ = {isa = PBXBuildFile; fileRef = BB2C6A69210D02B10026DE3C /* ARResources.storyboard */; };
		BB2C6A6D210D06F00026DE3C /* BookImageFetcher.swift in Sources */ = {isa = PBXBuildFile; fileRef = BB2C6A6C210D06F00026DE3C /* BookImageFetcher.swift */; };
		BBC445AC210D385600629E20 /* GoogleService-Info.plist in Resources */ = {isa = PBXBuildFile; fileRef = BBC445AB210D385600629E20 /* GoogleService-Info.plist */; };
		BBC445AE210D593600629E20 /* StatusViewController.swift in Sources */ = {isa = PBXBuildFile; fileRef = BBC445AD210D593600629E20 /* StatusViewController.swift */; };
		BBC445B0210D595B00629E20 /* ARViewController+ARSessionDelegate.swift in Sources */ = {isa = PBXBuildFile; fileRef = BBC445AF210D595B00629E20 /* ARViewController+ARSessionDelegate.swift */; };
		BBD23731210D7E8700834271 /* LaunchScreen.storyboard in Resources */ = {isa = PBXBuildFile; fileRef = BBD2372F210D7E8700834271 /* LaunchScreen.storyboard */; };
		BBD23733210D8B7000834271 /* SwiftSpinner.swift in Sources */ = {isa = PBXBuildFile; fileRef = BBD23732210D8B7000834271 /* SwiftSpinner.swift */; };
		D958F198549BC857A7B30335 /* Pods_teachAR.framework in Frameworks */ = {isa = PBXBuildFile; fileRef = 432406C69F22DE885AB71056 /* Pods_teachAR.framework */; };
/* End PBXBuildFile section */

/* Begin PBXFileReference section */
		432406C69F22DE885AB71056 /* Pods_teachAR.framework */ = {isa = PBXFileReference; explicitFileType = wrapper.framework; includeInIndex = 0; path = Pods_teachAR.framework; sourceTree = BUILT_PRODUCTS_DIR; };
		92362AA7210D26E300A298A0 /* AgoraSigKit.framework */ = {isa = PBXFileReference; lastKnownFileType = wrapper.framework; path = AgoraSigKit.framework; sourceTree = "<group>"; };
		92362AA9210D270900A298A0 /* libc++.tbd */ = {isa = PBXFileReference; lastKnownFileType = "sourcecode.text-based-dylib-definition"; name = "libc++.tbd"; path = "usr/lib/libc++.tbd"; sourceTree = SDKROOT; };
		92362AAB210D281600A298A0 /* Chat.storyboard */ = {isa = PBXFileReference; lastKnownFileType = file.storyboard; path = Chat.storyboard; sourceTree = "<group>"; };
		92362AB1210D390E00A298A0 /* ChatViewController.swift */ = {isa = PBXFileReference; lastKnownFileType = sourcecode.swift; path = ChatViewController.swift; sourceTree = "<group>"; };
		92362AB3210D3BC300A298A0 /* Message.swift */ = {isa = PBXFileReference; lastKnownFileType = sourcecode.swift; path = Message.swift; sourceTree = "<group>"; };
		92362AB8210D3E0C00A298A0 /* Key.swift */ = {isa = PBXFileReference; lastKnownFileType = sourcecode.swift; path = Key.swift; sourceTree = "<group>"; };
		92362ABA210D402000A298A0 /* AgoraSignalKit.swift */ = {isa = PBXFileReference; lastKnownFileType = sourcecode.swift; path = AgoraSignalKit.swift; sourceTree = "<group>"; };
		92362ABC210D450700A298A0 /* CommonExtensions.swift */ = {isa = PBXFileReference; fileEncoding = 4; lastKnownFileType = sourcecode.swift; path = CommonExtensions.swift; sourceTree = "<group>"; };
		92362ACD210D5AC600A298A0 /* ChatMessageTableViewCell.swift */ = {isa = PBXFileReference; lastKnownFileType = sourcecode.swift; path = ChatMessageTableViewCell.swift; sourceTree = "<group>"; };
		9295239E210DB7640077E251 /* WikipediaKit.swift */ = {isa = PBXFileReference; lastKnownFileType = sourcecode.swift; path = WikipediaKit.swift; sourceTree = "<group>"; };
		929523A0210DB9EB0077E251 /* Article.swift */ = {isa = PBXFileReference; lastKnownFileType = sourcecode.swift; path = Article.swift; sourceTree = "<group>"; };
		929523A3210DE1AC0077E251 /* ContentViewController.swift */ = {isa = PBXFileReference; lastKnownFileType = sourcecode.swift; path = ContentViewController.swift; sourceTree = "<group>"; };
		BB03BEBC210D291700971E79 /* Book.swift */ = {isa = PBXFileReference; lastKnownFileType = sourcecode.swift; path = Book.swift; sourceTree = "<group>"; };
		BB03BEBE210D2A2B00971E79 /* BookListViewController.swift */ = {isa = PBXFileReference; lastKnownFileType = sourcecode.swift; path = BookListViewController.swift; sourceTree = "<group>"; };
		BB03BEC0210D2A3B00971E79 /* SplashPageViewController.swift */ = {isa = PBXFileReference; lastKnownFileType = sourcecode.swift; path = SplashPageViewController.swift; sourceTree = "<group>"; };
		BB03BEC2210D2B0800971E79 /* MainNavigationViewController.swift */ = {isa = PBXFileReference; lastKnownFileType = sourcecode.swift; path = MainNavigationViewController.swift; sourceTree = "<group>"; };
		BB03BEC5210D2B8E00971E79 /* Image.swift */ = {isa = PBXFileReference; lastKnownFileType = sourcecode.swift; path = Image.swift; sourceTree = "<group>"; };
		BB03BEC7210D2BBB00971E79 /* Constants.swift */ = {isa = PBXFileReference; lastKnownFileType = sourcecode.swift; path = Constants.swift; sourceTree = "<group>"; };
		BB0DAB14210D1FB1007CE84B /* BookTableViewCell.swift */ = {isa = PBXFileReference; lastKnownFileType = sourcecode.swift; path = BookTableViewCell.swift; sourceTree = "<group>"; };
		BB2C6A50210D02620026DE3C /* teachAR.app */ = {isa = PBXFileReference; explicitFileType = wrapper.application; includeInIndex = 0; path = teachAR.app; sourceTree = BUILT_PRODUCTS_DIR; };
		BB2C6A53210D02620026DE3C /* AppDelegate.swift */ = {isa = PBXFileReference; lastKnownFileType = sourcecode.swift; path = AppDelegate.swift; sourceTree = "<group>"; };
		BB2C6A55210D02620026DE3C /* art.scnassets */ = {isa = PBXFileReference; lastKnownFileType = wrapper.scnassets; path = art.scnassets; sourceTree = "<group>"; };
		BB2C6A57210D02620026DE3C /* ARViewController.swift */ = {isa = PBXFileReference; lastKnownFileType = sourcecode.swift; path = ARViewController.swift; sourceTree = "<group>"; };
		BB2C6A5A210D02620026DE3C /* Base */ = {isa = PBXFileReference; lastKnownFileType = file.storyboard; name = Base; path = Base.lproj/Main.storyboard; sourceTree = "<group>"; };
		BB2C6A5C210D02640026DE3C /* Assets.xcassets */ = {isa = PBXFileReference; lastKnownFileType = folder.assetcatalog; path = Assets.xcassets; sourceTree = "<group>"; };
		BB2C6A6A210D02B10026DE3C /* Base */ = {isa = PBXFileReference; lastKnownFileType = file.storyboard; name = Base; path = Base.lproj/ARResources.storyboard; sourceTree = "<group>"; };
		BB2C6A6C210D06F00026DE3C /* BookImageFetcher.swift */ = {isa = PBXFileReference; lastKnownFileType = sourcecode.swift; path = BookImageFetcher.swift; sourceTree = "<group>"; };
		BBC445A5210D361700629E20 /* Info.plist */ = {isa = PBXFileReference; fileEncoding = 4; lastKnownFileType = text.plist.xml; path = Info.plist; sourceTree = "<group>"; };
		BBC445AB210D385600629E20 /* GoogleService-Info.plist */ = {isa = PBXFileReference; fileEncoding = 4; lastKnownFileType = text.plist.xml; path = "GoogleService-Info.plist"; sourceTree = "<group>"; };
		BBC445AD210D593600629E20 /* StatusViewController.swift */ = {isa = PBXFileReference; fileEncoding = 4; lastKnownFileType = sourcecode.swift; path = StatusViewController.swift; sourceTree = "<group>"; };
		BBC445AF210D595B00629E20 /* ARViewController+ARSessionDelegate.swift */ = {isa = PBXFileReference; lastKnownFileType = sourcecode.swift; path = "ARViewController+ARSessionDelegate.swift"; sourceTree = "<group>"; };
		BBD23730210D7E8700834271 /* Base */ = {isa = PBXFileReference; lastKnownFileType = file.storyboard; name = Base; path = teachAR/Base.lproj/LaunchScreen.storyboard; sourceTree = SOURCE_ROOT; };
		BBD23732210D8B7000834271 /* SwiftSpinner.swift */ = {isa = PBXFileReference; lastKnownFileType = sourcecode.swift; path = SwiftSpinner.swift; sourceTree = "<group>"; };
		CA749ADA6289C7ABFD6AB03A /* Pods-teachAR.release.xcconfig */ = {isa = PBXFileReference; includeInIndex = 1; lastKnownFileType = text.xcconfig; name = "Pods-teachAR.release.xcconfig"; path = "Pods/Target Support Files/Pods-teachAR/Pods-teachAR.release.xcconfig"; sourceTree = "<group>"; };
		E42B1A4A5623770C51D0E422 /* Pods-teachAR.debug.xcconfig */ = {isa = PBXFileReference; includeInIndex = 1; lastKnownFileType = text.xcconfig; name = "Pods-teachAR.debug.xcconfig"; path = "Pods/Target Support Files/Pods-teachAR/Pods-teachAR.debug.xcconfig"; sourceTree = "<group>"; };
/* End PBXFileReference section */

/* Begin PBXFrameworksBuildPhase section */
		BB2C6A4D210D02620026DE3C /* Frameworks */ = {
			isa = PBXFrameworksBuildPhase;
			buildActionMask = 2147483647;
			files = (
				92362AAA210D270900A298A0 /* libc++.tbd in Frameworks */,
				92362AA8210D26E300A298A0 /* AgoraSigKit.framework in Frameworks */,
				D958F198549BC857A7B30335 /* Pods_teachAR.framework in Frameworks */,
			);
			runOnlyForDeploymentPostprocessing = 0;
		};
/* End PBXFrameworksBuildPhase section */

/* Begin PBXGroup section */
		62EE99CB8888B41A5B4ED60E /* Pods */ = {
			isa = PBXGroup;
			children = (
				E42B1A4A5623770C51D0E422 /* Pods-teachAR.debug.xcconfig */,
				CA749ADA6289C7ABFD6AB03A /* Pods-teachAR.release.xcconfig */,
			);
			name = Pods;
			sourceTree = "<group>";
		};
		92362AB5210D3D4D00A298A0 /* Chat */ = {
			isa = PBXGroup;
			children = (
				92362AC2210D576D00A298A0 /* Cells */,
				92362AC1210D4E1200A298A0 /* Assets */,
				92362AC0210D4DFD00A298A0 /* Utilities */,
				92362AAB210D281600A298A0 /* Chat.storyboard */,
				92362AB1210D390E00A298A0 /* ChatViewController.swift */,
			);
			path = Chat;
			sourceTree = "<group>";
		};
		92362AC0210D4DFD00A298A0 /* Utilities */ = {
			isa = PBXGroup;
			children = (
				92362ABC210D450700A298A0 /* CommonExtensions.swift */,
			);
			path = Utilities;
			sourceTree = "<group>";
		};
		92362AC1210D4E1200A298A0 /* Assets */ = {
			isa = PBXGroup;
			children = (
				92362AB3210D3BC300A298A0 /* Message.swift */,
				92362ABA210D402000A298A0 /* AgoraSignalKit.swift */,
				92362AB8210D3E0C00A298A0 /* Key.swift */,
			);
			path = Assets;
			sourceTree = "<group>";
		};
		92362AC2210D576D00A298A0 /* Cells */ = {
			isa = PBXGroup;
			children = (
				92362ACD210D5AC600A298A0 /* ChatMessageTableViewCell.swift */,
			);
			path = Cells;
			sourceTree = "<group>";
		};
		B74EF6CB7D6C4E1C182BA237 /* Frameworks */ = {
			isa = PBXGroup;
			children = (
				92362AA9210D270900A298A0 /* libc++.tbd */,
				92362AA7210D26E300A298A0 /* AgoraSigKit.framework */,
				432406C69F22DE885AB71056 /* Pods_teachAR.framework */,
			);
			name = Frameworks;
			sourceTree = "<group>";
		};
		BB03BEC4210D2B7B00971E79 /* Model */ = {
			isa = PBXGroup;
			children = (
				BB2C6A6C210D06F00026DE3C /* BookImageFetcher.swift */,
				BB03BEBC210D291700971E79 /* Book.swift */,
				BB03BEC5210D2B8E00971E79 /* Image.swift */,
			);
			path = Model;
			sourceTree = "<group>";
		};
		BB03BEC9210D319C00971E79 /* Setup Flow */ = {
			isa = PBXGroup;
			children = (
				BB03BEBE210D2A2B00971E79 /* BookListViewController.swift */,
				BB03BEC0210D2A3B00971E79 /* SplashPageViewController.swift */,
				BB0DAB14210D1FB1007CE84B /* BookTableViewCell.swift */,
			);
			path = "Setup Flow";
			sourceTree = "<group>";
		};
		BB03BECA210D31EF00971E79 /* AR */ = {
			isa = PBXGroup;
			children = (
				BB2C6A55210D02620026DE3C /* art.scnassets */,
				BBC445AD210D593600629E20 /* StatusViewController.swift */,
				BB2C6A69210D02B10026DE3C /* ARResources.storyboard */,
				BB2C6A57210D02620026DE3C /* ARViewController.swift */,
				BBC445AF210D595B00629E20 /* ARViewController+ARSessionDelegate.swift */,
				929523A3210DE1AC0077E251 /* ContentViewController.swift */,
			);
			path = AR;
			sourceTree = "<group>";
		};
		BB03BECC210D323400971E79 /* Navigation */ = {
			isa = PBXGroup;
			children = (
				BB03BEC2210D2B0800971E79 /* MainNavigationViewController.swift */,
			);
			path = Navigation;
			sourceTree = "<group>";
		};
		BB2C6A47210D02620026DE3C = {
			isa = PBXGroup;
			children = (
				BB2C6A52210D02620026DE3C /* teachAR */,
				BB2C6A51210D02620026DE3C /* Products */,
				62EE99CB8888B41A5B4ED60E /* Pods */,
				B74EF6CB7D6C4E1C182BA237 /* Frameworks */,
			);
			sourceTree = "<group>";
		};
		BB2C6A51210D02620026DE3C /* Products */ = {
			isa = PBXGroup;
			children = (
				BB2C6A50210D02620026DE3C /* teachAR.app */,
			);
			name = Products;
			sourceTree = "<group>";
		};
		BB2C6A52210D02620026DE3C /* teachAR */ = {
			isa = PBXGroup;
			children = (
				92362AB5210D3D4D00A298A0 /* Chat */,
				BB2C6A53210D02620026DE3C /* AppDelegate.swift */,
				BB03BEC7210D2BBB00971E79 /* Constants.swift */,
				BBD23732210D8B7000834271 /* SwiftSpinner.swift */,
				BB03BEC4210D2B7B00971E79 /* Model */,
				BB03BECA210D31EF00971E79 /* AR */,
				BB2C6A59210D02620026DE3C /* Main.storyboard */,
				BB03BECC210D323400971E79 /* Navigation */,
				BBC445A7210D362600629E20 /* SupportingFiles */,
				BB03BEC9210D319C00971E79 /* Setup Flow */,
				BB2C6A5C210D02640026DE3C /* Assets.xcassets */,
				9295239E210DB7640077E251 /* WikipediaKit.swift */,
				929523A0210DB9EB0077E251 /* Article.swift */,
			);
			path = teachAR;
			sourceTree = "<group>";
		};
		BBC445A7210D362600629E20 /* SupportingFiles */ = {
			isa = PBXGroup;
			children = (
				BBD2372F210D7E8700834271 /* LaunchScreen.storyboard */,
				BBC445AB210D385600629E20 /* GoogleService-Info.plist */,
				BBC445A5210D361700629E20 /* Info.plist */,
			);
			path = SupportingFiles;
			sourceTree = "<group>";
		};
/* End PBXGroup section */

/* Begin PBXNativeTarget section */
		BB2C6A4F210D02620026DE3C /* teachAR */ = {
			isa = PBXNativeTarget;
			buildConfigurationList = BB2C6A64210D02640026DE3C /* Build configuration list for PBXNativeTarget "teachAR" */;
			buildPhases = (
				319C8A141FD055C5ADE767F2 /* [CP] Check Pods Manifest.lock */,
				BB2C6A4C210D02620026DE3C /* Sources */,
				BB2C6A4D210D02620026DE3C /* Frameworks */,
				BB2C6A4E210D02620026DE3C /* Resources */,
				7201AC1C5D0648F0BED4C5BB /* [CP] Embed Pods Frameworks */,
			);
			buildRules = (
			);
			dependencies = (
			);
			name = teachAR;
			productName = leARn;
			productReference = BB2C6A50210D02620026DE3C /* teachAR.app */;
			productType = "com.apple.product-type.application";
		};
/* End PBXNativeTarget section */

/* Begin PBXProject section */
		BB2C6A48210D02620026DE3C /* Project object */ = {
			isa = PBXProject;
			attributes = {
				LastSwiftUpdateCheck = 1000;
				LastUpgradeCheck = 1000;
				ORGANIZATIONNAME = "Avery Lamp";
				TargetAttributes = {
					BB2C6A4F210D02620026DE3C = {
						CreatedOnToolsVersion = 10.0;
					};
				};
			};
			buildConfigurationList = BB2C6A4B210D02620026DE3C /* Build configuration list for PBXProject "teachAR" */;
			compatibilityVersion = "Xcode 9.3";
			developmentRegion = en;
			hasScannedForEncodings = 0;
			knownRegions = (
				en,
				Base,
			);
			mainGroup = BB2C6A47210D02620026DE3C;
			productRefGroup = BB2C6A51210D02620026DE3C /* Products */;
			projectDirPath = "";
			projectRoot = "";
			targets = (
				BB2C6A4F210D02620026DE3C /* teachAR */,
			);
		};
/* End PBXProject section */

/* Begin PBXResourcesBuildPhase section */
		BB2C6A4E210D02620026DE3C /* Resources */ = {
			isa = PBXResourcesBuildPhase;
			buildActionMask = 2147483647;
			files = (
				BBD23731210D7E8700834271 /* LaunchScreen.storyboard in Resources */,
				92362AAC210D281600A298A0 /* Chat.storyboard in Resources */,
				BB2C6A56210D02620026DE3C /* art.scnassets in Resources */,
				BB2C6A6B210D02B10026DE3C /* ARResources.storyboard in Resources */,
				BB2C6A5D210D02640026DE3C /* Assets.xcassets in Resources */,
				BB2C6A5B210D02620026DE3C /* Main.storyboard in Resources */,
				BBC445AC210D385600629E20 /* GoogleService-Info.plist in Resources */,
			);
			runOnlyForDeploymentPostprocessing = 0;
		};
/* End PBXResourcesBuildPhase section */

/* Begin PBXShellScriptBuildPhase section */
		319C8A141FD055C5ADE767F2 /* [CP] Check Pods Manifest.lock */ = {
			isa = PBXShellScriptBuildPhase;
			buildActionMask = 2147483647;
			files = (
			);
			inputPaths = (
				"${PODS_PODFILE_DIR_PATH}/Podfile.lock",
				"${PODS_ROOT}/Manifest.lock",
			);
			name = "[CP] Check Pods Manifest.lock";
			outputPaths = (
				"$(DERIVED_FILE_DIR)/Pods-teachAR-checkManifestLockResult.txt",
			);
			runOnlyForDeploymentPostprocessing = 0;
			shellPath = /bin/sh;
			shellScript = "diff \"${PODS_PODFILE_DIR_PATH}/Podfile.lock\" \"${PODS_ROOT}/Manifest.lock\" > /dev/null\nif [ $? != 0 ] ; then\n    # print error to STDERR\n    echo \"error: The sandbox is not in sync with the Podfile.lock. Run 'pod install' or update your CocoaPods installation.\" >&2\n    exit 1\nfi\n# This output is used by Xcode 'outputs' to avoid re-running this script phase.\necho \"SUCCESS\" > \"${SCRIPT_OUTPUT_FILE_0}\"\n";
			showEnvVarsInLog = 0;
		};
		7201AC1C5D0648F0BED4C5BB /* [CP] Embed Pods Frameworks */ = {
			isa = PBXShellScriptBuildPhase;
			buildActionMask = 2147483647;
			files = (
			);
			inputPaths = (
				"${SRCROOT}/Pods/Target Support Files/Pods-teachAR/Pods-teachAR-frameworks.sh",
				"${BUILT_PRODUCTS_DIR}/Alamofire/Alamofire.framework",
				"${BUILT_PRODUCTS_DIR}/BoringSSL/openssl.framework",
				"${BUILT_PRODUCTS_DIR}/GoogleToolboxForMac/GoogleToolboxForMac.framework",
				"${BUILT_PRODUCTS_DIR}/Protobuf/Protobuf.framework",
				"${BUILT_PRODUCTS_DIR}/SDWebImage/SDWebImage.framework",
				"${BUILT_PRODUCTS_DIR}/SwiftyJSON/SwiftyJSON.framework",
				"${BUILT_PRODUCTS_DIR}/gRPC/GRPCClient.framework",
				"${BUILT_PRODUCTS_DIR}/gRPC-Core/grpc.framework",
				"${BUILT_PRODUCTS_DIR}/gRPC-ProtoRPC/ProtoRPC.framework",
				"${BUILT_PRODUCTS_DIR}/gRPC-RxLibrary/RxLibrary.framework",
				"${BUILT_PRODUCTS_DIR}/leveldb-library/leveldb.framework",
				"${BUILT_PRODUCTS_DIR}/nanopb/nanopb.framework",
			);
			name = "[CP] Embed Pods Frameworks";
			outputPaths = (
				"${TARGET_BUILD_DIR}/${FRAMEWORKS_FOLDER_PATH}/Alamofire.framework",
				"${TARGET_BUILD_DIR}/${FRAMEWORKS_FOLDER_PATH}/openssl.framework",
				"${TARGET_BUILD_DIR}/${FRAMEWORKS_FOLDER_PATH}/GoogleToolboxForMac.framework",
				"${TARGET_BUILD_DIR}/${FRAMEWORKS_FOLDER_PATH}/Protobuf.framework",
				"${TARGET_BUILD_DIR}/${FRAMEWORKS_FOLDER_PATH}/SDWebImage.framework",
				"${TARGET_BUILD_DIR}/${FRAMEWORKS_FOLDER_PATH}/SwiftyJSON.framework",
				"${TARGET_BUILD_DIR}/${FRAMEWORKS_FOLDER_PATH}/GRPCClient.framework",
				"${TARGET_BUILD_DIR}/${FRAMEWORKS_FOLDER_PATH}/grpc.framework",
				"${TARGET_BUILD_DIR}/${FRAMEWORKS_FOLDER_PATH}/ProtoRPC.framework",
				"${TARGET_BUILD_DIR}/${FRAMEWORKS_FOLDER_PATH}/RxLibrary.framework",
				"${TARGET_BUILD_DIR}/${FRAMEWORKS_FOLDER_PATH}/leveldb.framework",
				"${TARGET_BUILD_DIR}/${FRAMEWORKS_FOLDER_PATH}/nanopb.framework",
			);
			runOnlyForDeploymentPostprocessing = 0;
			shellPath = /bin/sh;
			shellScript = "\"${SRCROOT}/Pods/Target Support Files/Pods-teachAR/Pods-teachAR-frameworks.sh\"\n";
			showEnvVarsInLog = 0;
		};
/* End PBXShellScriptBuildPhase section */

/* Begin PBXSourcesBuildPhase section */
		BB2C6A4C210D02620026DE3C /* Sources */ = {
			isa = PBXSourcesBuildPhase;
			buildActionMask = 2147483647;
			files = (
				BB0DAB15210D1FB1007CE84B /* BookTableViewCell.swift in Sources */,
				BB03BEC6210D2B8E00971E79 /* Image.swift in Sources */,
				BBC445B0210D595B00629E20 /* ARViewController+ARSessionDelegate.swift in Sources */,
				92362ABB210D402000A298A0 /* AgoraSignalKit.swift in Sources */,
				9295239F210DB7640077E251 /* WikipediaKit.swift in Sources */,
				92362AB2210D390E00A298A0 /* ChatViewController.swift in Sources */,
				BBD23733210D8B7000834271 /* SwiftSpinner.swift in Sources */,
				92362AB9210D3E0C00A298A0 /* Key.swift in Sources */,
				929523A4210DE1AC0077E251 /* ContentViewController.swift in Sources */,
				BB2C6A58210D02620026DE3C /* ARViewController.swift in Sources */,
				BB2C6A6D210D06F00026DE3C /* BookImageFetcher.swift in Sources */,
				BB03BEBD210D291700971E79 /* Book.swift in Sources */,
				BB03BEC8210D2BBB00971E79 /* Constants.swift in Sources */,
				BB2C6A54210D02620026DE3C /* AppDelegate.swift in Sources */,
				92362ACE210D5AC600A298A0 /* ChatMessageTableViewCell.swift in Sources */,
				929523A1210DB9EB0077E251 /* Article.swift in Sources */,
				92362ABD210D450800A298A0 /* CommonExtensions.swift in Sources */,
				BB03BEC3210D2B0800971E79 /* MainNavigationViewController.swift in Sources */,
				92362AB4210D3BC300A298A0 /* Message.swift in Sources */,
				BB03BEBF210D2A2B00971E79 /* BookListViewController.swift in Sources */,
				BBC445AE210D593600629E20 /* StatusViewController.swift in Sources */,
				BB03BEC1210D2A3B00971E79 /* SplashPageViewController.swift in Sources */,
			);
			runOnlyForDeploymentPostprocessing = 0;
		};
/* End PBXSourcesBuildPhase section */

/* Begin PBXVariantGroup section */
		BB2C6A59210D02620026DE3C /* Main.storyboard */ = {
			isa = PBXVariantGroup;
			children = (
				BB2C6A5A210D02620026DE3C /* Base */,
			);
			name = Main.storyboard;
			sourceTree = "<group>";
		};
		BB2C6A69210D02B10026DE3C /* ARResources.storyboard */ = {
			isa = PBXVariantGroup;
			children = (
				BB2C6A6A210D02B10026DE3C /* Base */,
			);
			name = ARResources.storyboard;
			sourceTree = "<group>";
		};
		BBD2372F210D7E8700834271 /* LaunchScreen.storyboard */ = {
			isa = PBXVariantGroup;
			children = (
				BBD23730210D7E8700834271 /* Base */,
			);
			name = LaunchScreen.storyboard;
			sourceTree = "<group>";
		};
/* End PBXVariantGroup section */

/* Begin XCBuildConfiguration section */
		BB2C6A62210D02640026DE3C /* Debug */ = {
			isa = XCBuildConfiguration;
			buildSettings = {
				ALWAYS_SEARCH_USER_PATHS = NO;
				CLANG_ANALYZER_NONNULL = YES;
				CLANG_ANALYZER_NUMBER_OBJECT_CONVERSION = YES_AGGRESSIVE;
				CLANG_CXX_LANGUAGE_STANDARD = "gnu++14";
				CLANG_CXX_LIBRARY = "libc++";
				CLANG_ENABLE_MODULES = YES;
				CLANG_ENABLE_OBJC_ARC = YES;
				CLANG_ENABLE_OBJC_WEAK = YES;
				CLANG_WARN_BLOCK_CAPTURE_AUTORELEASING = YES;
				CLANG_WARN_BOOL_CONVERSION = YES;
				CLANG_WARN_COMMA = YES;
				CLANG_WARN_CONSTANT_CONVERSION = YES;
				CLANG_WARN_DEPRECATED_OBJC_IMPLEMENTATIONS = YES;
				CLANG_WARN_DIRECT_OBJC_ISA_USAGE = YES_ERROR;
				CLANG_WARN_DOCUMENTATION_COMMENTS = YES;
				CLANG_WARN_EMPTY_BODY = YES;
				CLANG_WARN_ENUM_CONVERSION = YES;
				CLANG_WARN_INFINITE_RECURSION = YES;
				CLANG_WARN_INT_CONVERSION = YES;
				CLANG_WARN_NON_LITERAL_NULL_CONVERSION = YES;
				CLANG_WARN_OBJC_IMPLICIT_RETAIN_SELF = YES;
				CLANG_WARN_OBJC_LITERAL_CONVERSION = YES;
				CLANG_WARN_OBJC_ROOT_CLASS = YES_ERROR;
				CLANG_WARN_RANGE_LOOP_ANALYSIS = YES;
				CLANG_WARN_STRICT_PROTOTYPES = YES;
				CLANG_WARN_SUSPICIOUS_MOVE = YES;
				CLANG_WARN_UNGUARDED_AVAILABILITY = YES_AGGRESSIVE;
				CLANG_WARN_UNREACHABLE_CODE = YES;
				CLANG_WARN__DUPLICATE_METHOD_MATCH = YES;
				CODE_SIGN_IDENTITY = "iPhone Developer";
				COPY_PHASE_STRIP = NO;
				DEBUG_INFORMATION_FORMAT = dwarf;
				ENABLE_STRICT_OBJC_MSGSEND = YES;
				ENABLE_TESTABILITY = YES;
				GCC_C_LANGUAGE_STANDARD = gnu11;
				GCC_DYNAMIC_NO_PIC = NO;
				GCC_NO_COMMON_BLOCKS = YES;
				GCC_OPTIMIZATION_LEVEL = 0;
				GCC_PREPROCESSOR_DEFINITIONS = (
					"DEBUG=1",
					"$(inherited)",
				);
				GCC_WARN_64_TO_32_BIT_CONVERSION = YES;
				GCC_WARN_ABOUT_RETURN_TYPE = YES_ERROR;
				GCC_WARN_UNDECLARED_SELECTOR = YES;
				GCC_WARN_UNINITIALIZED_AUTOS = YES_AGGRESSIVE;
				GCC_WARN_UNUSED_FUNCTION = YES;
				GCC_WARN_UNUSED_VARIABLE = YES;
				IPHONEOS_DEPLOYMENT_TARGET = 12.0;
				MTL_ENABLE_DEBUG_INFO = INCLUDE_SOURCE;
				ONLY_ACTIVE_ARCH = YES;
				SDKROOT = iphoneos;
				SWIFT_ACTIVE_COMPILATION_CONDITIONS = DEBUG;
				SWIFT_OPTIMIZATION_LEVEL = "-Onone";
			};
			name = Debug;
		};
		BB2C6A63210D02640026DE3C /* Release */ = {
			isa = XCBuildConfiguration;
			buildSettings = {
				ALWAYS_SEARCH_USER_PATHS = NO;
				CLANG_ANALYZER_NONNULL = YES;
				CLANG_ANALYZER_NUMBER_OBJECT_CONVERSION = YES_AGGRESSIVE;
				CLANG_CXX_LANGUAGE_STANDARD = "gnu++14";
				CLANG_CXX_LIBRARY = "libc++";
				CLANG_ENABLE_MODULES = YES;
				CLANG_ENABLE_OBJC_ARC = YES;
				CLANG_ENABLE_OBJC_WEAK = YES;
				CLANG_WARN_BLOCK_CAPTURE_AUTORELEASING = YES;
				CLANG_WARN_BOOL_CONVERSION = YES;
				CLANG_WARN_COMMA = YES;
				CLANG_WARN_CONSTANT_CONVERSION = YES;
				CLANG_WARN_DEPRECATED_OBJC_IMPLEMENTATIONS = YES;
				CLANG_WARN_DIRECT_OBJC_ISA_USAGE = YES_ERROR;
				CLANG_WARN_DOCUMENTATION_COMMENTS = YES;
				CLANG_WARN_EMPTY_BODY = YES;
				CLANG_WARN_ENUM_CONVERSION = YES;
				CLANG_WARN_INFINITE_RECURSION = YES;
				CLANG_WARN_INT_CONVERSION = YES;
				CLANG_WARN_NON_LITERAL_NULL_CONVERSION = YES;
				CLANG_WARN_OBJC_IMPLICIT_RETAIN_SELF = YES;
				CLANG_WARN_OBJC_LITERAL_CONVERSION = YES;
				CLANG_WARN_OBJC_ROOT_CLASS = YES_ERROR;
				CLANG_WARN_RANGE_LOOP_ANALYSIS = YES;
				CLANG_WARN_STRICT_PROTOTYPES = YES;
				CLANG_WARN_SUSPICIOUS_MOVE = YES;
				CLANG_WARN_UNGUARDED_AVAILABILITY = YES_AGGRESSIVE;
				CLANG_WARN_UNREACHABLE_CODE = YES;
				CLANG_WARN__DUPLICATE_METHOD_MATCH = YES;
				CODE_SIGN_IDENTITY = "iPhone Developer";
				COPY_PHASE_STRIP = NO;
				DEBUG_INFORMATION_FORMAT = "dwarf-with-dsym";
				ENABLE_NS_ASSERTIONS = NO;
				ENABLE_STRICT_OBJC_MSGSEND = YES;
				GCC_C_LANGUAGE_STANDARD = gnu11;
				GCC_NO_COMMON_BLOCKS = YES;
				GCC_WARN_64_TO_32_BIT_CONVERSION = YES;
				GCC_WARN_ABOUT_RETURN_TYPE = YES_ERROR;
				GCC_WARN_UNDECLARED_SELECTOR = YES;
				GCC_WARN_UNINITIALIZED_AUTOS = YES_AGGRESSIVE;
				GCC_WARN_UNUSED_FUNCTION = YES;
				GCC_WARN_UNUSED_VARIABLE = YES;
				IPHONEOS_DEPLOYMENT_TARGET = 12.0;
				MTL_ENABLE_DEBUG_INFO = NO;
				SDKROOT = iphoneos;
				SWIFT_COMPILATION_MODE = wholemodule;
				SWIFT_OPTIMIZATION_LEVEL = "-O";
				VALIDATE_PRODUCT = YES;
			};
			name = Release;
		};
		BB2C6A65210D02640026DE3C /* Debug */ = {
			isa = XCBuildConfiguration;
			baseConfigurationReference = E42B1A4A5623770C51D0E422 /* Pods-teachAR.debug.xcconfig */;
			buildSettings = {
				ASSETCATALOG_COMPILER_APPICON_NAME = AppIcon;
				CODE_SIGN_STYLE = Automatic;
				DEVELOPMENT_TEAM = R4DQ2L3FBV;
				FRAMEWORK_SEARCH_PATHS = (
					"$(inherited)",
					"$(PROJECT_DIR)",
				);
				INFOPLIST_FILE = teachAR/SupportingFiles/Info.plist;
				LD_RUNPATH_SEARCH_PATHS = (
					"$(inherited)",
					"@executable_path/Frameworks",
				);
				PRODUCT_BUNDLE_IDENTIFIER = com.mape.teachAR;
				PRODUCT_NAME = "$(TARGET_NAME)";
				SWIFT_VERSION = 4.2;
				TARGETED_DEVICE_FAMILY = "1,2";
			};
			name = Debug;
		};
		BB2C6A66210D02640026DE3C /* Release */ = {
			isa = XCBuildConfiguration;
			baseConfigurationReference = CA749ADA6289C7ABFD6AB03A /* Pods-teachAR.release.xcconfig */;
			buildSettings = {
				ASSETCATALOG_COMPILER_APPICON_NAME = AppIcon;
				CODE_SIGN_STYLE = Automatic;
				DEVELOPMENT_TEAM = R4DQ2L3FBV;
				FRAMEWORK_SEARCH_PATHS = (
					"$(inherited)",
					"$(PROJECT_DIR)",
				);
				INFOPLIST_FILE = teachAR/SupportingFiles/Info.plist;
				LD_RUNPATH_SEARCH_PATHS = (
					"$(inherited)",
					"@executable_path/Frameworks",
				);
				PRODUCT_BUNDLE_IDENTIFIER = com.mape.teachAR;
				PRODUCT_NAME = "$(TARGET_NAME)";
				SWIFT_VERSION = 4.2;
				TARGETED_DEVICE_FAMILY = "1,2";
			};
			name = Release;
		};
/* End XCBuildConfiguration section */

/* Begin XCConfigurationList section */
		BB2C6A4B210D02620026DE3C /* Build configuration list for PBXProject "teachAR" */ = {
			isa = XCConfigurationList;
			buildConfigurations = (
				BB2C6A62210D02640026DE3C /* Debug */,
				BB2C6A63210D02640026DE3C /* Release */,
			);
			defaultConfigurationIsVisible = 0;
			defaultConfigurationName = Release;
		};
		BB2C6A64210D02640026DE3C /* Build configuration list for PBXNativeTarget "teachAR" */ = {
			isa = XCConfigurationList;
			buildConfigurations = (
				BB2C6A65210D02640026DE3C /* Debug */,
				BB2C6A66210D02640026DE3C /* Release */,
			);
			defaultConfigurationIsVisible = 0;
			defaultConfigurationName = Release;
		};
/* End XCConfigurationList section */
	};
	rootObject = BB2C6A48210D02620026DE3C /* Project object */;
}
